
Microsoft Visual Studio Solution File, Format Version 12.00
# Visual Studio 15
VisualStudioVersion = 15.0.28307.1401
MinimumVisualStudioVersion = 10.0.40219.1
Project("{FAE04EC0-301F-11D3-BF4B-00C04F79EFBC}") = "TimetableApp", "TimetableApp\TimetableApp.csproj", "{5B349F66-AE47-47EB-B6A5-8C6505055BDB}"
EndProject
Global
	GlobalSection(SolutionConfigurationPlatforms) = preSolution
		Debug|Any CPU = Debug|Any CPU
		Release|Any CPU = Release|Any CPU
	EndGlobalSection
	GlobalSection(ProjectConfigurationPlatforms) = postSolution
		{5B349F66-AE47-47EB-B6A5-8C6505055BDB}.Debug|Any CPU.ActiveCfg = Debug|Any CPU
		{5B349F66-AE47-47EB-B6A5-8C6505055BDB}.Debug|Any CPU.Build.0 = Debug|Any CPU
		{5B349F66-AE47-47EB-B6A5-8C6505055BDB}.Release|Any CPU.ActiveCfg = Release|Any CPU
		{5B349F66-AE47-47EB-B6A5-8C6505055BDB}.Release|Any CPU.Build.0 = Release|Any CPU
	EndGlobalSection
	GlobalSection(SolutionProperties) = preSolution
		HideSolutionNode = FALSE
	EndGlobalSection
	GlobalSection(ExtensibilityGlobals) = postSolution
		SolutionGuid = {8BC77839-F334-4BF5-AD83-EC97F2387C3D}
	EndGlobalSection
EndGlobal
